
Microsoft Visual Studio Solution File, Format Version 12.00
# Visual Studio Version 17
VisualStudioVersion = 17.3.32901.215
MinimumVisualStudioVersion = 10.0.40219.1
Project("{FAE04EC0-301F-11D3-BF4B-00C04F79EFBC}") = "diary", "diary.csproj", "{97E43EDD-0C58-4B27-A5D9-C536ACAC808E}"
EndProject
Global
	GlobalSection(SolutionConfigurationPlatforms) = preSolution
		Debug|Any CPU = Debug|Any CPU
		Release|Any CPU = Release|Any CPU
	EndGlobalSection
	GlobalSection(ProjectConfigurationPlatforms) = postSolution
		{97E43EDD-0C58-4B27-A5D9-C536ACAC808E}.Debug|Any CPU.ActiveCfg = Debug|Any CPU
		{97E43EDD-0C58-4B27-A5D9-C536ACAC808E}.Debug|Any CPU.Build.0 = Debug|Any CPU
		{97E43EDD-0C58-4B27-A5D9-C536ACAC808E}.Release|Any CPU.ActiveCfg = Release|Any CPU
		{97E43EDD-0C58-4B27-A5D9-C536ACAC808E}.Release|Any CPU.Build.0 = Release|Any CPU
	EndGlobalSection
	GlobalSection(SolutionProperties) = preSolution
		HideSolutionNode = FALSE
	EndGlobalSection
	GlobalSection(ExtensibilityGlobals) = postSolution
		SolutionGuid = {50064DA0-5112-46AC-80B2-FD90FE444591}
	EndGlobalSection
EndGlobal
